
Microsoft Visual Studio Solution File, Format Version 12.00
# Visual Studio Version 17
VisualStudioVersion = 17.4.33110.190
MinimumVisualStudioVersion = 10.0.40219.1
Project("{2150E333-8FDC-42A3-9474-1A3956D46DE8}") = "Library", "Library", "{844B0F13-01A5-4D05-B64F-CB62F21976AA}"
EndProject
Project("{2150E333-8FDC-42A3-9474-1A3956D46DE8}") = "Tf", "Tf", "{33F94C40-896F-491D-888E-6A5EB3FDCAAA}"
EndProject
Project("{9A19103F-16F7-4668-BE54-9A1E7A4F7556}") = "Template", "..\Source\Template\Source\Template.csproj", "{42F3EACF-FA03-45D9-A63D-04AC4AF7AA10}"
EndProject
Project("{9A19103F-16F7-4668-BE54-9A1E7A4F7556}") = "TfTemplate", "TfTemplate\Source\TfTemplate.csproj", "{D01407AB-9BBA-4F19-A37E-8C31C2F3A176}"
EndProject
Global
	GlobalSection(SolutionConfigurationPlatforms) = preSolution
		Debug|Any CPU = Debug|Any CPU
		Release|Any CPU = Release|Any CPU
	EndGlobalSection
	GlobalSection(ProjectConfigurationPlatforms) = postSolution
		{42F3EACF-FA03-45D9-A63D-04AC4AF7AA10}.Debug|Any CPU.ActiveCfg = Debug|Any CPU
		{42F3EACF-FA03-45D9-A63D-04AC4AF7AA10}.Debug|Any CPU.Build.0 = Debug|Any CPU
		{42F3EACF-FA03-45D9-A63D-04AC4AF7AA10}.Release|Any CPU.ActiveCfg = Release|Any CPU
		{42F3EACF-FA03-45D9-A63D-04AC4AF7AA10}.Release|Any CPU.Build.0 = Release|Any CPU
		{D01407AB-9BBA-4F19-A37E-8C31C2F3A176}.Debug|Any CPU.ActiveCfg = Debug|Any CPU
		{D01407AB-9BBA-4F19-A37E-8C31C2F3A176}.Debug|Any CPU.Build.0 = Debug|Any CPU
		{D01407AB-9BBA-4F19-A37E-8C31C2F3A176}.Release|Any CPU.ActiveCfg = Release|Any CPU
		{D01407AB-9BBA-4F19-A37E-8C31C2F3A176}.Release|Any CPU.Build.0 = Release|Any CPU
	EndGlobalSection
	GlobalSection(SolutionProperties) = preSolution
		HideSolutionNode = FALSE
	EndGlobalSection
	GlobalSection(NestedProjects) = preSolution
		{42F3EACF-FA03-45D9-A63D-04AC4AF7AA10} = {844B0F13-01A5-4D05-B64F-CB62F21976AA}
		{D01407AB-9BBA-4F19-A37E-8C31C2F3A176} = {33F94C40-896F-491D-888E-6A5EB3FDCAAA}
	EndGlobalSection
	GlobalSection(ExtensibilityGlobals) = postSolution
		SolutionGuid = {AE2F5188-61E2-4FF1-8770-C56523340944}
	EndGlobalSection
EndGlobal
